
Microsoft Visual Studio Solution File, Format Version 12.00
# Visual Studio Version 17
VisualStudioVersion = 17.9.34728.123
MinimumVisualStudioVersion = 10.0.40219.1
Project("{FAE04EC0-301F-11D3-BF4B-00C04F79EFBC}") = "Blackbox_Scanario03", "Blackbox_Scanario03.csproj", "{2D50A3DA-74FC-488A-98CD-2297641B1167}"
EndProject
Global
	GlobalSection(SolutionConfigurationPlatforms) = preSolution
		Debug|Any CPU = Debug|Any CPU
		Release|Any CPU = Release|Any CPU
	EndGlobalSection
	GlobalSection(ProjectConfigurationPlatforms) = postSolution
		{2D50A3DA-74FC-488A-98CD-2297641B1167}.Debug|Any CPU.ActiveCfg = Debug|Any CPU
		{2D50A3DA-74FC-488A-98CD-2297641B1167}.Debug|Any CPU.Build.0 = Debug|Any CPU
		{2D50A3DA-74FC-488A-98CD-2297641B1167}.Release|Any CPU.ActiveCfg = Release|Any CPU
		{2D50A3DA-74FC-488A-98CD-2297641B1167}.Release|Any CPU.Build.0 = Release|Any CPU
	EndGlobalSection
	GlobalSection(SolutionProperties) = preSolution
		HideSolutionNode = FALSE
	EndGlobalSection
	GlobalSection(ExtensibilityGlobals) = postSolution
		SolutionGuid = {37530BCB-72D4-47C9-96F8-D002E8C39820}
	EndGlobalSection
EndGlobal
